// !$*UTF8*$!
{
	archiveVersion = 1;
	classes = {
	};
	objectVersion = 50;
	objects = {

/* Begin PBXBuildFile section */
		740C7AA820890ACB00B270E0 /* AppDelegate.swift in Sources */ = {isa = PBXBuildFile; fileRef = 740C7AA720890ACB00B270E0 /* AppDelegate.swift */; };
		740C7AAA20890ACC00B270E0 /* Assets.xcassets in Resources */ = {isa = PBXBuildFile; fileRef = 740C7AA920890ACC00B270E0 /* Assets.xcassets */; };
		740C7AAD20890ACC00B270E0 /* MainMenu.xib in Resources */ = {isa = PBXBuildFile; fileRef = 740C7AAB20890ACC00B270E0 /* MainMenu.xib */; };
		740C7AC0208CC4CE00B270E0 /* FlyingWordPressView.h in Headers */ = {isa = PBXBuildFile; fileRef = 740C7ABF208CC4CE00B270E0 /* FlyingWordPressView.h */; };
		740C7AC2208CC4CE00B270E0 /* FlyingWordPressView.m in Sources */ = {isa = PBXBuildFile; fileRef = 740C7AC1208CC4CE00B270E0 /* FlyingWordPressView.m */; };
		740C7AC8208CC51500B270E0 /* WordPressLogo.png in Resources */ = {isa = PBXBuildFile; fileRef = 740C7AC7208CC51500B270E0 /* WordPressLogo.png */; };
		740C7ACB208CC54A00B270E0 /* LogoLayer.h in Headers */ = {isa = PBXBuildFile; fileRef = 740C7AC9208CC54A00B270E0 /* LogoLayer.h */; };
		740C7ACC208CC54A00B270E0 /* LogoLayer.m in Sources */ = {isa = PBXBuildFile; fileRef = 740C7ACA208CC54A00B270E0 /* LogoLayer.m */; };
		740C7ACD208D089800B270E0 /* LogoLayer.m in Sources */ = {isa = PBXBuildFile; fileRef = 740C7ACA208CC54A00B270E0 /* LogoLayer.m */; };
		740C7ACE208D08A100B270E0 /* FlyingWordPressView.m in Sources */ = {isa = PBXBuildFile; fileRef = 740C7AC1208CC4CE00B270E0 /* FlyingWordPressView.m */; };
		740C7ACF208D08AF00B270E0 /* WordPressLogo.png in Resources */ = {isa = PBXBuildFile; fileRef = 740C7AC7208CC51500B270E0 /* WordPressLogo.png */; };
		743B9DA7208D9A1C00AC9A64 /* thumbnail@2x.png in Resources */ = {isa = PBXBuildFile; fileRef = 743B9DA5208D9A1C00AC9A64 /* thumbnail@2x.png */; };
		743B9DA8208D9A1C00AC9A64 /* thumbnail.png in Resources */ = {isa = PBXBuildFile; fileRef = 743B9DA6208D9A1C00AC9A64 /* thumbnail.png */; };
/* End PBXBuildFile section */

/* Begin PBXFileReference section */
		740C7AA520890ACB00B270E0 /* FlyingWordPressTestApp.app */ = {isa = PBXFileReference; explicitFileType = wrapper.application; includeInIndex = 0; path = FlyingWordPressTestApp.app; sourceTree = BUILT_PRODUCTS_DIR; };
		740C7AA720890ACB00B270E0 /* AppDelegate.swift */ = {isa = PBXFileReference; lastKnownFileType = sourcecode.swift; path = AppDelegate.swift; sourceTree = "<group>"; };
		740C7AA920890ACC00B270E0 /* Assets.xcassets */ = {isa = PBXFileReference; lastKnownFileType = folder.assetcatalog; path = Assets.xcassets; sourceTree = "<group>"; };
		740C7AAC20890ACC00B270E0 /* Base */ = {isa = PBXFileReference; lastKnownFileType = file.xib; name = Base; path = Base.lproj/MainMenu.xib; sourceTree = "<group>"; };
		740C7AAE20890ACC00B270E0 /* Info.plist */ = {isa = PBXFileReference; lastKnownFileType = text.plist.xml; path = Info.plist; sourceTree = "<group>"; };
		740C7AAF20890ACC00B270E0 /* FlyingWordPressTestApp.entitlements */ = {isa = PBXFileReference; lastKnownFileType = text.plist.entitlements; path = FlyingWordPressTestApp.entitlements; sourceTree = "<group>"; };
		740C7ABD208CC4CE00B270E0 /* FlyingWordPress.saver */ = {isa = PBXFileReference; explicitFileType = wrapper.cfbundle; includeInIndex = 0; path = FlyingWordPress.saver; sourceTree = BUILT_PRODUCTS_DIR; };
		740C7ABF208CC4CE00B270E0 /* FlyingWordPressView.h */ = {isa = PBXFileReference; lastKnownFileType = sourcecode.c.h; path = FlyingWordPressView.h; sourceTree = "<group>"; };
		740C7AC1208CC4CE00B270E0 /* FlyingWordPressView.m */ = {isa = PBXFileReference; lastKnownFileType = sourcecode.c.objc; path = FlyingWordPressView.m; sourceTree = "<group>"; };
		740C7AC3208CC4CE00B270E0 /* Info.plist */ = {isa = PBXFileReference; lastKnownFileType = text.plist.xml; path = Info.plist; sourceTree = "<group>"; };
		740C7AC7208CC51500B270E0 /* WordPressLogo.png */ = {isa = PBXFileReference; lastKnownFileType = image.png; name = WordPressLogo.png; path = FlyingWordPress/WordPressLogo.png; sourceTree = SOURCE_ROOT; };
		740C7AC9208CC54A00B270E0 /* LogoLayer.h */ = {isa = PBXFileReference; lastKnownFileType = sourcecode.c.h; path = LogoLayer.h; sourceTree = "<group>"; };
		740C7ACA208CC54A00B270E0 /* LogoLayer.m */ = {isa = PBXFileReference; lastKnownFileType = sourcecode.c.objc; path = LogoLayer.m; sourceTree = "<group>"; };
		740C7AD0208D17DC00B270E0 /* ObjcBridgingHeader.h */ = {isa = PBXFileReference; lastKnownFileType = sourcecode.c.h; path = ObjcBridgingHeader.h; sourceTree = "<group>"; };
		743B9DA5208D9A1C00AC9A64 /* thumbnail@2x.png */ = {isa = PBXFileReference; lastKnownFileType = image.png; path = "thumbnail@2x.png"; sourceTree = "<group>"; };
		743B9DA6208D9A1C00AC9A64 /* thumbnail.png */ = {isa = PBXFileReference; lastKnownFileType = image.png; path = thumbnail.png; sourceTree = "<group>"; };
/* End PBXFileReference section */

/* Begin PBXFrameworksBuildPhase section */
		740C7AA220890ACB00B270E0 /* Frameworks */ = {
			isa = PBXFrameworksBuildPhase;
			buildActionMask = 2147483647;
			files = (
			);
			runOnlyForDeploymentPostprocessing = 0;
		};
		740C7AB9208CC4CE00B270E0 /* Frameworks */ = {
			isa = PBXFrameworksBuildPhase;
			buildActionMask = 2147483647;
			files = (
			);
			runOnlyForDeploymentPostprocessing = 0;
		};
/* End PBXFrameworksBuildPhase section */

/* Begin PBXGroup section */
		740C7A862089073100B270E0 = {
			isa = PBXGroup;
			children = (
				740C7ABE208CC4CE00B270E0 /* FlyingWordPress */,
				740C7AA620890ACB00B270E0 /* FlyingWordPressTestApp */,
				740C7A912089073100B270E0 /* Products */,
			);
			sourceTree = "<group>";
		};
		740C7A912089073100B270E0 /* Products */ = {
			isa = PBXGroup;
			children = (
				740C7AA520890ACB00B270E0 /* FlyingWordPressTestApp.app */,
				740C7ABD208CC4CE00B270E0 /* FlyingWordPress.saver */,
			);
			name = Products;
			sourceTree = "<group>";
		};
		740C7AA620890ACB00B270E0 /* FlyingWordPressTestApp */ = {
			isa = PBXGroup;
			children = (
				740C7AA720890ACB00B270E0 /* AppDelegate.swift */,
				740C7AA920890ACC00B270E0 /* Assets.xcassets */,
				740C7AAB20890ACC00B270E0 /* MainMenu.xib */,
				740C7AAE20890ACC00B270E0 /* Info.plist */,
				740C7AAF20890ACC00B270E0 /* FlyingWordPressTestApp.entitlements */,
				740C7AD0208D17DC00B270E0 /* ObjcBridgingHeader.h */,
			);
			path = FlyingWordPressTestApp;
			sourceTree = "<group>";
		};
		740C7ABE208CC4CE00B270E0 /* FlyingWordPress */ = {
			isa = PBXGroup;
			children = (
				740C7ABF208CC4CE00B270E0 /* FlyingWordPressView.h */,
				740C7AC1208CC4CE00B270E0 /* FlyingWordPressView.m */,
				740C7AC9208CC54A00B270E0 /* LogoLayer.h */,
				740C7ACA208CC54A00B270E0 /* LogoLayer.m */,
				740C7AC3208CC4CE00B270E0 /* Info.plist */,
				740C7AC7208CC51500B270E0 /* WordPressLogo.png */,
				743B9DA6208D9A1C00AC9A64 /* thumbnail.png */,
				743B9DA5208D9A1C00AC9A64 /* thumbnail@2x.png */,
			);
			path = FlyingWordPress;
			sourceTree = "<group>";
		};
/* End PBXGroup section */

/* Begin PBXHeadersBuildPhase section */
		740C7ABA208CC4CE00B270E0 /* Headers */ = {
			isa = PBXHeadersBuildPhase;
			buildActionMask = 2147483647;
			files = (
				740C7AC0208CC4CE00B270E0 /* FlyingWordPressView.h in Headers */,
				740C7ACB208CC54A00B270E0 /* LogoLayer.h in Headers */,
			);
			runOnlyForDeploymentPostprocessing = 0;
		};
/* End PBXHeadersBuildPhase section */

/* Begin PBXNativeTarget section */
		740C7AA420890ACB00B270E0 /* FlyingWordPressTestApp */ = {
			isa = PBXNativeTarget;
			buildConfigurationList = 740C7AB020890ACC00B270E0 /* Build configuration list for PBXNativeTarget "FlyingWordPressTestApp" */;
			buildPhases = (
				740C7AA120890ACB00B270E0 /* Sources */,
				740C7AA220890ACB00B270E0 /* Frameworks */,
				740C7AA320890ACB00B270E0 /* Resources */,
			);
			buildRules = (
			);
			dependencies = (
			);
			name = FlyingWordPressTestApp;
			productName = FlyingWordPressTestApp;
			productReference = 740C7AA520890ACB00B270E0 /* FlyingWordPressTestApp.app */;
			productType = "com.apple.product-type.application";
		};
		740C7ABC208CC4CE00B270E0 /* FlyingWordPress */ = {
			isa = PBXNativeTarget;
			buildConfigurationList = 740C7AC4208CC4CE00B270E0 /* Build configuration list for PBXNativeTarget "FlyingWordPress" */;
			buildPhases = (
				740C7AB8208CC4CE00B270E0 /* Sources */,
				740C7AB9208CC4CE00B270E0 /* Frameworks */,
				740C7ABA208CC4CE00B270E0 /* Headers */,
				740C7ABB208CC4CE00B270E0 /* Resources */,
			);
			buildRules = (
			);
			dependencies = (
			);
			name = FlyingWordPress;
			productName = FlyingWordPress;
			productReference = 740C7ABD208CC4CE00B270E0 /* FlyingWordPress.saver */;
			productType = "com.apple.product-type.bundle";
		};
/* End PBXNativeTarget section */

/* Begin PBXProject section */
		740C7A872089073100B270E0 /* Project object */ = {
			isa = PBXProject;
			attributes = {
				LastSwiftUpdateCheck = 0930;
				LastUpgradeCheck = 0930;
				ORGANIZATIONNAME = "secret pizza party";
				TargetAttributes = {
					740C7AA420890ACB00B270E0 = {
						CreatedOnToolsVersion = 9.3;
					};
					740C7ABC208CC4CE00B270E0 = {
						CreatedOnToolsVersion = 9.3;
					};
				};
			};
			buildConfigurationList = 740C7A8A2089073100B270E0 /* Build configuration list for PBXProject "FlyingWordPress" */;
			compatibilityVersion = "Xcode 9.3";
			developmentRegion = en;
			hasScannedForEncodings = 0;
			knownRegions = (
				en,
				Base,
			);
			mainGroup = 740C7A862089073100B270E0;
			productRefGroup = 740C7A912089073100B270E0 /* Products */;
			projectDirPath = "";
			projectRoot = "";
			targets = (
				740C7ABC208CC4CE00B270E0 /* FlyingWordPress */,
				740C7AA420890ACB00B270E0 /* FlyingWordPressTestApp */,
			);
		};
/* End PBXProject section */

/* Begin PBXResourcesBuildPhase section */
		740C7AA320890ACB00B270E0 /* Resources */ = {
			isa = PBXResourcesBuildPhase;
			buildActionMask = 2147483647;
			files = (
				740C7AAA20890ACC00B270E0 /* Assets.xcassets in Resources */,
				740C7ACF208D08AF00B270E0 /* WordPressLogo.png in Resources */,
				740C7AAD20890ACC00B270E0 /* MainMenu.xib in Resources */,
			);
			runOnlyForDeploymentPostprocessing = 0;
		};
		740C7ABB208CC4CE00B270E0 /* Resources */ = {
			isa = PBXResourcesBuildPhase;
			buildActionMask = 2147483647;
			files = (
				740C7AC8208CC51500B270E0 /* WordPressLogo.png in Resources */,
				743B9DA7208D9A1C00AC9A64 /* thumbnail@2x.png in Resources */,
				743B9DA8208D9A1C00AC9A64 /* thumbnail.png in Resources */,
			);
			runOnlyForDeploymentPostprocessing = 0;
		};
/* End PBXResourcesBuildPhase section */

/* Begin PBXSourcesBuildPhase section */
		740C7AA120890ACB00B270E0 /* Sources */ = {
			isa = PBXSourcesBuildPhase;
			buildActionMask = 2147483647;
			files = (
				740C7ACE208D08A100B270E0 /* FlyingWordPressView.m in Sources */,
				740C7ACD208D089800B270E0 /* LogoLayer.m in Sources */,
				740C7AA820890ACB00B270E0 /* AppDelegate.swift in Sources */,
			);
			runOnlyForDeploymentPostprocessing = 0;
		};
		740C7AB8208CC4CE00B270E0 /* Sources */ = {
			isa = PBXSourcesBuildPhase;
			buildActionMask = 2147483647;
			files = (
				740C7ACC208CC54A00B270E0 /* LogoLayer.m in Sources */,
				740C7AC2208CC4CE00B270E0 /* FlyingWordPressView.m in Sources */,
			);
			runOnlyForDeploymentPostprocessing = 0;
		};
/* End PBXSourcesBuildPhase section */

/* Begin PBXVariantGroup section */
		740C7AAB20890ACC00B270E0 /* MainMenu.xib */ = {
			isa = PBXVariantGroup;
			children = (
				740C7AAC20890ACC00B270E0 /* Base */,
			);
			name = MainMenu.xib;
			sourceTree = "<group>";
		};
/* End PBXVariantGroup section */

/* Begin XCBuildConfiguration section */
		740C7A982089073100B270E0 /* Debug */ = {
			isa = XCBuildConfiguration;
			buildSettings = {
				ALWAYS_EMBED_SWIFT_STANDARD_LIBRARIES = YES;
				ALWAYS_SEARCH_USER_PATHS = NO;
				CLANG_ANALYZER_NONNULL = YES;
				CLANG_ANALYZER_NUMBER_OBJECT_CONVERSION = YES_AGGRESSIVE;
				CLANG_CXX_LANGUAGE_STANDARD = "gnu++14";
				CLANG_CXX_LIBRARY = "libc++";
				CLANG_ENABLE_MODULES = YES;
				CLANG_ENABLE_OBJC_ARC = YES;
				CLANG_ENABLE_OBJC_WEAK = YES;
				CLANG_WARN_BLOCK_CAPTURE_AUTORELEASING = YES;
				CLANG_WARN_BOOL_CONVERSION = YES;
				CLANG_WARN_COMMA = YES;
				CLANG_WARN_CONSTANT_CONVERSION = YES;
				CLANG_WARN_DEPRECATED_OBJC_IMPLEMENTATIONS = YES;
				CLANG_WARN_DIRECT_OBJC_ISA_USAGE = YES_ERROR;
				CLANG_WARN_DOCUMENTATION_COMMENTS = YES;
				CLANG_WARN_EMPTY_BODY = YES;
				CLANG_WARN_ENUM_CONVERSION = YES;
				CLANG_WARN_INFINITE_RECURSION = YES;
				CLANG_WARN_INT_CONVERSION = YES;
				CLANG_WARN_NON_LITERAL_NULL_CONVERSION = YES;
				CLANG_WARN_OBJC_IMPLICIT_RETAIN_SELF = YES;
				CLANG_WARN_OBJC_LITERAL_CONVERSION = YES;
				CLANG_WARN_OBJC_ROOT_CLASS = YES_ERROR;
				CLANG_WARN_RANGE_LOOP_ANALYSIS = YES;
				CLANG_WARN_STRICT_PROTOTYPES = YES;
				CLANG_WARN_SUSPICIOUS_MOVE = YES;
				CLANG_WARN_UNGUARDED_AVAILABILITY = YES_AGGRESSIVE;
				CLANG_WARN_UNREACHABLE_CODE = YES;
				CLANG_WARN__DUPLICATE_METHOD_MATCH = YES;
				CODE_SIGN_IDENTITY = "";
				COPY_PHASE_STRIP = NO;
				DEBUG_INFORMATION_FORMAT = dwarf;
				ENABLE_STRICT_OBJC_MSGSEND = YES;
				ENABLE_TESTABILITY = YES;
				GCC_C_LANGUAGE_STANDARD = gnu11;
				GCC_DYNAMIC_NO_PIC = NO;
				GCC_NO_COMMON_BLOCKS = YES;
				GCC_OPTIMIZATION_LEVEL = 0;
				GCC_PREPROCESSOR_DEFINITIONS = (
					"DEBUG=1",
					"$(inherited)",
				);
				GCC_WARN_64_TO_32_BIT_CONVERSION = YES;
				GCC_WARN_ABOUT_RETURN_TYPE = YES_ERROR;
				GCC_WARN_UNDECLARED_SELECTOR = YES;
				GCC_WARN_UNINITIALIZED_AUTOS = YES_AGGRESSIVE;
				GCC_WARN_UNUSED_FUNCTION = YES;
				GCC_WARN_UNUSED_VARIABLE = YES;
				MACOSX_DEPLOYMENT_TARGET = 10.11;
				MTL_ENABLE_DEBUG_INFO = YES;
				ONLY_ACTIVE_ARCH = YES;
				SDKROOT = macosx;
				SWIFT_VERSION = 4.0;
			};
			name = Debug;
		};
		740C7A992089073100B270E0 /* Release */ = {
			isa = XCBuildConfiguration;
			buildSettings = {
				ALWAYS_EMBED_SWIFT_STANDARD_LIBRARIES = YES;
				ALWAYS_SEARCH_USER_PATHS = NO;
				CLANG_ANALYZER_NONNULL = YES;
				CLANG_ANALYZER_NUMBER_OBJECT_CONVERSION = YES_AGGRESSIVE;
				CLANG_CXX_LANGUAGE_STANDARD = "gnu++14";
				CLANG_CXX_LIBRARY = "libc++";
				CLANG_ENABLE_MODULES = YES;
				CLANG_ENABLE_OBJC_ARC = YES;
				CLANG_ENABLE_OBJC_WEAK = YES;
				CLANG_WARN_BLOCK_CAPTURE_AUTORELEASING = YES;
				CLANG_WARN_BOOL_CONVERSION = YES;
				CLANG_WARN_COMMA = YES;
				CLANG_WARN_CONSTANT_CONVERSION = YES;
				CLANG_WARN_DEPRECATED_OBJC_IMPLEMENTATIONS = YES;
				CLANG_WARN_DIRECT_OBJC_ISA_USAGE = YES_ERROR;
				CLANG_WARN_DOCUMENTATION_COMMENTS = YES;
				CLANG_WARN_EMPTY_BODY = YES;
				CLANG_WARN_ENUM_CONVERSION = YES;
				CLANG_WARN_INFINITE_RECURSION = YES;
				CLANG_WARN_INT_CONVERSION = YES;
				CLANG_WARN_NON_LITERAL_NULL_CONVERSION = YES;
				CLANG_WARN_OBJC_IMPLICIT_RETAIN_SELF = YES;
				CLANG_WARN_OBJC_LITERAL_CONVERSION = YES;
				CLANG_WARN_OBJC_ROOT_CLASS = YES_ERROR;
				CLANG_WARN_RANGE_LOOP_ANALYSIS = YES;
				CLANG_WARN_STRICT_PROTOTYPES = YES;
				CLANG_WARN_SUSPICIOUS_MOVE = YES;
				CLANG_WARN_UNGUARDED_AVAILABILITY = YES_AGGRESSIVE;
				CLANG_WARN_UNREACHABLE_CODE = YES;
				CLANG_WARN__DUPLICATE_METHOD_MATCH = YES;
				CODE_SIGN_IDENTITY = "";
				COPY_PHASE_STRIP = NO;
				DEBUG_INFORMATION_FORMAT = "dwarf-with-dsym";
				ENABLE_NS_ASSERTIONS = NO;
				ENABLE_STRICT_OBJC_MSGSEND = YES;
				GCC_C_LANGUAGE_STANDARD = gnu11;
				GCC_NO_COMMON_BLOCKS = YES;
				GCC_WARN_64_TO_32_BIT_CONVERSION = YES;
				GCC_WARN_ABOUT_RETURN_TYPE = YES_ERROR;
				GCC_WARN_UNDECLARED_SELECTOR = YES;
				GCC_WARN_UNINITIALIZED_AUTOS = YES_AGGRESSIVE;
				GCC_WARN_UNUSED_FUNCTION = YES;
				GCC_WARN_UNUSED_VARIABLE = YES;
				MACOSX_DEPLOYMENT_TARGET = 10.11;
				MTL_ENABLE_DEBUG_INFO = NO;
				SDKROOT = macosx;
				SWIFT_VERSION = 4.0;
			};
			name = Release;
		};
		740C7AB120890ACC00B270E0 /* Debug */ = {
			isa = XCBuildConfiguration;
			buildSettings = {
				ASSETCATALOG_COMPILER_APPICON_NAME = AppIcon;
				CODE_SIGN_ENTITLEMENTS = FlyingWordPressTestApp/FlyingWordPressTestApp.entitlements;
				CODE_SIGN_IDENTITY = "";
				CODE_SIGN_STYLE = Automatic;
				COMBINE_HIDPI_IMAGES = YES;
				DEVELOPMENT_TEAM = Y9N34UZ32J;
				INFOPLIST_FILE = FlyingWordPressTestApp/Info.plist;
				LD_RUNPATH_SEARCH_PATHS = (
					"$(inherited)",
					"@executable_path/../Frameworks",
				);
				MACOSX_DEPLOYMENT_TARGET = 10.10;
				PRODUCT_BUNDLE_IDENTIFIER = com.trikatz.FlyingWordPressTestApp;
				PRODUCT_NAME = "$(TARGET_NAME)";
				SWIFT_ACTIVE_COMPILATION_CONDITIONS = DEBUG;
				SWIFT_OBJC_BRIDGING_HEADER = FlyingWordPressTestApp/ObjcBridgingHeader.h;
				SWIFT_OPTIMIZATION_LEVEL = "-Onone";
			};
			name = Debug;
		};
		740C7AB220890ACC00B270E0 /* Release */ = {
			isa = XCBuildConfiguration;
			buildSettings = {
				ASSETCATALOG_COMPILER_APPICON_NAME = AppIcon;
				CODE_SIGN_ENTITLEMENTS = FlyingWordPressTestApp/FlyingWordPressTestApp.entitlements;
				CODE_SIGN_IDENTITY = "";
				CODE_SIGN_STYLE = Automatic;
				COMBINE_HIDPI_IMAGES = YES;
				DEVELOPMENT_TEAM = Y9N34UZ32J;
				INFOPLIST_FILE = FlyingWordPressTestApp/Info.plist;
				LD_RUNPATH_SEARCH_PATHS = (
					"$(inherited)",
					"@executable_path/../Frameworks",
				);
				MACOSX_DEPLOYMENT_TARGET = 10.10;
				PRODUCT_BUNDLE_IDENTIFIER = com.trikatz.FlyingWordPressTestApp;
				PRODUCT_NAME = "$(TARGET_NAME)";
				SWIFT_COMPILATION_MODE = wholemodule;
				SWIFT_OBJC_BRIDGING_HEADER = FlyingWordPressTestApp/ObjcBridgingHeader.h;
				SWIFT_OPTIMIZATION_LEVEL = "-O";
			};
			name = Release;
		};
		740C7AC5208CC4CE00B270E0 /* Debug */ = {
			isa = XCBuildConfiguration;
			buildSettings = {
				CODE_SIGN_IDENTITY = "Mac Developer";
				CODE_SIGN_STYLE = Automatic;
				COMBINE_HIDPI_IMAGES = YES;
				DEVELOPMENT_TEAM = 7DZ24LFR8Q;
				INFOPLIST_FILE = FlyingWordPress/Info.plist;
				INSTALL_PATH = "$(HOME)/Library/Screen Savers";
				MACOSX_DEPLOYMENT_TARGET = 10.13;
				PRODUCT_BUNDLE_IDENTIFIER = com.spp.FlyingWordPress;
				PRODUCT_NAME = "$(TARGET_NAME)";
				PROVISIONING_PROFILE_SPECIFIER = "";
				WRAPPER_EXTENSION = saver;
			};
			name = Debug;
		};
		740C7AC6208CC4CE00B270E0 /* Release */ = {
			isa = XCBuildConfiguration;
			buildSettings = {
				CODE_SIGN_IDENTITY = "Mac Developer";
				CODE_SIGN_STYLE = Automatic;
				COMBINE_HIDPI_IMAGES = YES;
				DEVELOPMENT_TEAM = 7DZ24LFR8Q;
				INFOPLIST_FILE = FlyingWordPress/Info.plist;
				INSTALL_PATH = "$(HOME)/Library/Screen Savers";
				MACOSX_DEPLOYMENT_TARGET = 10.13;
				PRODUCT_BUNDLE_IDENTIFIER = com.spp.FlyingWordPress;
				PRODUCT_NAME = "$(TARGET_NAME)";
				PROVISIONING_PROFILE_SPECIFIER = "";
				WRAPPER_EXTENSION = saver;
			};
			name = Release;
		};
/* End XCBuildConfiguration section */

/* Begin XCConfigurationList section */
		740C7A8A2089073100B270E0 /* Build configuration list for PBXProject "FlyingWordPress" */ = {
			isa = XCConfigurationList;
			buildConfigurations = (
				740C7A982089073100B270E0 /* Debug */,
				740C7A992089073100B270E0 /* Release */,
			);
			defaultConfigurationIsVisible = 0;
			defaultConfigurationName = Release;
		};
		740C7AB020890ACC00B270E0 /* Build configuration list for PBXNativeTarget "FlyingWordPressTestApp" */ = {
			isa = XCConfigurationList;
			buildConfigurations = (
				740C7AB120890ACC00B270E0 /* Debug */,
				740C7AB220890ACC00B270E0 /* Release */,
			);
			defaultConfigurationIsVisible = 0;
			defaultConfigurationName = Release;
		};
		740C7AC4208CC4CE00B270E0 /* Build configuration list for PBXNativeTarget "FlyingWordPress" */ = {
			isa = XCConfigurationList;
			buildConfigurations = (
				740C7AC5208CC4CE00B270E0 /* Debug */,
				740C7AC6208CC4CE00B270E0 /* Release */,
			);
			defaultConfigurationIsVisible = 0;
			defaultConfigurationName = Release;
		};
/* End XCConfigurationList section */
	};
	rootObject = 740C7A872089073100B270E0 /* Project object */;
}
